
Microsoft Visual Studio Solution File, Format Version 12.00
# Visual Studio Version 16
VisualStudioVersion = 16.0.30523.141
MinimumVisualStudioVersion = 10.0.40219.1
Project("{FAE04EC0-301F-11D3-BF4B-00C04F79EFBC}") = "Chapter6Lights", "Chapter6Lights.csproj", "{68D5315E-E9F2-4A7A-B245-8682EA87C721}"
EndProject
Global
	GlobalSection(SolutionConfigurationPlatforms) = preSolution
		Debug|Any CPU = Debug|Any CPU
		Release|Any CPU = Release|Any CPU
	EndGlobalSection
	GlobalSection(ProjectConfigurationPlatforms) = postSolution
		{68D5315E-E9F2-4A7A-B245-8682EA87C721}.Debug|Any CPU.ActiveCfg = Debug|Any CPU
		{68D5315E-E9F2-4A7A-B245-8682EA87C721}.Debug|Any CPU.Build.0 = Debug|Any CPU
		{68D5315E-E9F2-4A7A-B245-8682EA87C721}.Release|Any CPU.ActiveCfg = Release|Any CPU
		{68D5315E-E9F2-4A7A-B245-8682EA87C721}.Release|Any CPU.Build.0 = Release|Any CPU
	EndGlobalSection
	GlobalSection(SolutionProperties) = preSolution
		HideSolutionNode = FALSE
	EndGlobalSection
	GlobalSection(ExtensibilityGlobals) = postSolution
		SolutionGuid = {EA544EAC-54AA-40B6-BDBC-BD5B25B3F3A4}
	EndGlobalSection
EndGlobal
